
Microsoft Visual Studio Solution File, Format Version 12.00
# Visual Studio 2013
VisualStudioVersion = 12.0.0.0
MinimumVisualStudioVersion = 10.0.0.1
Project("{FAE04EC0-301F-11D3-BF4B-00C04F79EFBC}") = "GenericPair", "GenericPair.csproj", "{7F61BAED-E636-4BA4-AC81-A7E9FA6002A4}"
EndProject
Project("{FAE04EC0-301F-11D3-BF4B-00C04F79EFBC}") = "GenericPairNUnitTest", "GenericPairNUnitTest\GenericPairNUnitTest.csproj", "{B609268B-FCAA-482B-9439-2CF5EEF30F4E}"
EndProject
Global
	GlobalSection(SolutionConfigurationPlatforms) = preSolution
		Debug|Any CPU = Debug|Any CPU
		Release|Any CPU = Release|Any CPU
	EndGlobalSection
	GlobalSection(ProjectConfigurationPlatforms) = postSolution
		{7F61BAED-E636-4BA4-AC81-A7E9FA6002A4}.Debug|Any CPU.ActiveCfg = Debug|Any CPU
		{7F61BAED-E636-4BA4-AC81-A7E9FA6002A4}.Debug|Any CPU.Build.0 = Debug|Any CPU
		{7F61BAED-E636-4BA4-AC81-A7E9FA6002A4}.Release|Any CPU.ActiveCfg = Release|Any CPU
		{7F61BAED-E636-4BA4-AC81-A7E9FA6002A4}.Release|Any CPU.Build.0 = Release|Any CPU
		{B609268B-FCAA-482B-9439-2CF5EEF30F4E}.Debug|Any CPU.ActiveCfg = Debug|Any CPU
		{B609268B-FCAA-482B-9439-2CF5EEF30F4E}.Debug|Any CPU.Build.0 = Debug|Any CPU
		{B609268B-FCAA-482B-9439-2CF5EEF30F4E}.Release|Any CPU.ActiveCfg = Release|Any CPU
		{B609268B-FCAA-482B-9439-2CF5EEF30F4E}.Release|Any CPU.Build.0 = Release|Any CPU
	EndGlobalSection
	GlobalSection(SolutionProperties) = preSolution
		HideSolutionNode = FALSE
	EndGlobalSection
EndGlobal
